
Microsoft Visual Studio Solution File, Format Version 12.00
# Visual Studio Version 16
VisualStudioVersion = 16.0.29324.140
MinimumVisualStudioVersion = 10.0.40219.1
Project("{FAE04EC0-301F-11D3-BF4B-00C04F79EFBC}") = "projeto2", "projeto2\projeto2.csproj", "{B68B2CBB-6AD7-490F-8DC4-D296ECE08A46}"
EndProject
Global
	GlobalSection(SolutionConfigurationPlatforms) = preSolution
		Debug|Any CPU = Debug|Any CPU
		Release|Any CPU = Release|Any CPU
	EndGlobalSection
	GlobalSection(ProjectConfigurationPlatforms) = postSolution
		{B68B2CBB-6AD7-490F-8DC4-D296ECE08A46}.Debug|Any CPU.ActiveCfg = Debug|Any CPU
		{B68B2CBB-6AD7-490F-8DC4-D296ECE08A46}.Debug|Any CPU.Build.0 = Debug|Any CPU
		{B68B2CBB-6AD7-490F-8DC4-D296ECE08A46}.Release|Any CPU.ActiveCfg = Release|Any CPU
		{B68B2CBB-6AD7-490F-8DC4-D296ECE08A46}.Release|Any CPU.Build.0 = Release|Any CPU
	EndGlobalSection
	GlobalSection(SolutionProperties) = preSolution
		HideSolutionNode = FALSE
	EndGlobalSection
	GlobalSection(ExtensibilityGlobals) = postSolution
		SolutionGuid = {5219C135-3970-4A84-B4DE-210DB43E1FF5}
	EndGlobalSection
EndGlobal
